<?xml version="1.0" encoding="UTF-8"?>
<Scheme
   LastUpgradeVersion = "0800"
   version = "1.3">
   <BuildAction
      parallelizeBuildables = "YES"
      buildImplicitDependencies = "YES">
      <BuildActionEntries>
         <BuildActionEntry
            buildForTesting = "YES"
            buildForRunning = "YES"
            buildForProfiling = "YES"
            buildForArchiving = "YES"
            buildForAnalyzing = "YES">
            <BuildableReference
               BuildableIdentifier = "primary"
               BlueprintIdentifier = "139A0F1FC637436F8B67D72E"
               BuildableName = "Eigenface"
               BlueprintName = "Eigenface"
               ReferencedContainer = "container:build_xcode/Eigenface.xcodeproj">
            </BuildableReference>
         </BuildActionEntry>
      </BuildActionEntries>
   </BuildAction>
   <TestAction
      buildConfiguration = "Debug"
      selectedDebuggerIdentifier = "Xcode.DebuggerFoundation.Debugger.LLDB"
      selectedLauncherIdentifier = "Xcode.DebuggerFoundation.Launcher.LLDB"
      shouldUseLaunchSchemeArgsEnv = "YES">
      <Testables>
      </Testables>
      <MacroExpansion>
         <BuildableReference
            BuildableIdentifier = "primary"
            BlueprintIdentifier = "139A0F1FC637436F8B67D72E"
            BuildableName = "Eigenface"
            BlueprintName = "Eigenface"
            ReferencedContainer = "container:build_xcode/Eigenface.xcodeproj">
         </BuildableReference>
      </MacroExpansion>
      <AdditionalOptions>
      </AdditionalOptions>
   </TestAction>
   <LaunchAction
      buildConfiguration = "RelWithDebInfo"
      selectedDebuggerIdentifier = "Xcode.DebuggerFoundation.Debugger.LLDB"
      selectedLauncherIdentifier = "Xcode.DebuggerFoundation.Launcher.LLDB"
      launchStyle = "0"
      useCustomWorkingDirectory = "NO"
      ignoresPersistentStateOnLaunch = "NO"
      debugDocumentVersioning = "YES"
      debugServiceExtension = "internal"
      allowLocationSimulation = "YES">
      <BuildableProductRunnable
         runnableDebuggingMode = "0">
         <BuildableReference
            BuildableIdentifier = "primary"
            BlueprintIdentifier = "139A0F1FC637436F8B67D72E"
            BuildableName = "Eigenface"
            BlueprintName = "Eigenface"
            ReferencedContainer = "container:build_xcode/Eigenface.xcodeproj">
         </BuildableReference>
      </BuildableProductRunnable>
      <CommandLineArguments>
         <CommandLineArgument
            argument = "--isface faces/interesting/04.tga neutral.face 200.0"
            isEnabled = "NO">
         </CommandLineArgument>
         <CommandLineArgument
            argument = "--findface faces/group/test_single.tga neutral.face 0.35 0.55 0.05 crop 1 cropped_face.tga"
            isEnabled = "NO">
         </CommandLineArgument>
         <CommandLineArgument
            argument = "--findface faces/group/mygroup_big.tga neutral.face 0.35 0.35 0.05 mark 5 mygroupmark.tga"
            isEnabled = "NO">
         </CommandLineArgument>
         <CommandLineArgument
            argument = "--recognizeface faces/interesting/02.tga neutral.user neutral.face 10"
            isEnabled = "NO">
         </CommandLineArgument>
         <CommandLineArgument
            argument = "--verifyface faces/interesting/07.tga neutral.user faces/neutral/01 neutral.face 26500"
            isEnabled = "YES">
         </CommandLineArgument>
         <CommandLineArgument
            argument = "--constructuserbase train.face faces/neutral/list.txt train.user"
            isEnabled = "NO">
         </CommandLineArgument>
         <CommandLineArgument
            argument = "--projectface faces/interesting/02.tga neutral.face"
            isEnabled = "NO">
         </CommandLineArgument>
         <CommandLineArgument
            argument = "--eigenfaces 15 25 25 /Users/heyu/Documents/cplusplus/project3/build_xcode/RelWithDebInfo/faces/train_face2/list.txt train.face"
            isEnabled = "NO">
         </CommandLineArgument>
      </CommandLineArguments>
      <AdditionalOptions>
      </AdditionalOptions>
   </LaunchAction>
   <ProfileAction
      buildConfiguration = "Release"
      shouldUseLaunchSchemeArgsEnv = "YES"
      savedToolIdentifier = ""
      useCustomWorkingDirectory = "NO"
      debugDocumentVersioning = "YES">
      <BuildableProductRunnable
         runnableDebuggingMode = "0">
         <BuildableReference
            BuildableIdentifier = "primary"
            BlueprintIdentifier = "139A0F1FC637436F8B67D72E"
            BuildableName = "Eigenface"
            BlueprintName = "Eigenface"
            ReferencedContainer = "container:build_xcode/Eigenface.xcodeproj">
         </BuildableReference>
      </BuildableProductRunnable>
   </ProfileAction>
   <AnalyzeAction
      buildConfiguration = "Debug">
   </AnalyzeAction>
   <ArchiveAction
      buildConfiguration = "Release"
      revealArchiveInOrganizer = "YES">
   </ArchiveAction>
</Scheme>
